
Microsoft Visual Studio Solution File, Format Version 12.00
# Visual Studio Version 17
VisualStudioVersion = 17.3.32929.385
MinimumVisualStudioVersion = 10.0.40219.1
Project("{C7167F0D-BC9F-4E6E-AFE1-012C56B48DB5}") = "ReactNativeBlobUtilWin.Package", "ReactNativeBlobUtilWin.Package\ReactNativeBlobUtilWin.Package.wapproj", "{91C0F6C1-29A2-454D-8401-DC6D78B11435}"
EndProject
Project("{8BC9CEB8-8B4A-11D0-8D11-00A0C91BC942}") = "ReactNativeBlobUtilWin", "ReactNativeBlobUtilWin\ReactNativeBlobUtilWin.vcxproj", "{15B116B3-7FD7-492E-A8F0-11135D797AA4}"
EndProject
Project("{8BC9CEB8-8B4A-11D0-8D11-00A0C91BC942}") = "ReactNativeBlobUtil", "..\node_modules\react-native-blob-util\windows\ReactNativeBlobUtil\ReactNativeBlobUtil.vcxproj", "{CDDE3311-EFD2-462D-8551-93637A7FAE92}"
EndProject
Global
	GlobalSection(SolutionConfigurationPlatforms) = preSolution
		Debug|x64 = Debug|x64
		Debug|x86 = Debug|x86
		Debug|ARM64 = Debug|ARM64
		Release|x64 = Release|x64
		Release|x86 = Release|x86
		Release|ARM64 = Release|ARM64
	EndGlobalSection
	GlobalSection(ProjectConfigurationPlatforms) = postSolution
		{91C0F6C1-29A2-454D-8401-DC6D78B11435}.Debug|x64.ActiveCfg = Debug|x64
		{91C0F6C1-29A2-454D-8401-DC6D78B11435}.Debug|x64.Build.0 = Debug|x64
		{91C0F6C1-29A2-454D-8401-DC6D78B11435}.Debug|x64.Deploy.0 = Debug|x64
		{91C0F6C1-29A2-454D-8401-DC6D78B11435}.Debug|x86.ActiveCfg = Debug|x86
		{91C0F6C1-29A2-454D-8401-DC6D78B11435}.Debug|x86.Build.0 = Debug|x86
		{91C0F6C1-29A2-454D-8401-DC6D78B11435}.Debug|x86.Deploy.0 = Debug|x86
		{91C0F6C1-29A2-454D-8401-DC6D78B11435}.Debug|ARM64.ActiveCfg = Debug|ARM64
		{91C0F6C1-29A2-454D-8401-DC6D78B11435}.Debug|ARM64.Build.0 = Debug|ARM64
		{91C0F6C1-29A2-454D-8401-DC6D78B11435}.Debug|ARM64.Deploy.0 = Debug|ARM64
		{91C0F6C1-29A2-454D-8401-DC6D78B11435}.Release|x64.ActiveCfg = Release|x64
		{91C0F6C1-29A2-454D-8401-DC6D78B11435}.Release|x64.Build.0 = Release|x64
		{91C0F6C1-29A2-454D-8401-DC6D78B11435}.Release|x64.Deploy.0 = Release|x64
		{91C0F6C1-29A2-454D-8401-DC6D78B11435}.Release|x86.ActiveCfg = Release|x86
		{91C0F6C1-29A2-454D-8401-DC6D78B11435}.Release|x86.Build.0 = Release|x86
		{91C0F6C1-29A2-454D-8401-DC6D78B11435}.Release|x86.Deploy.0 = Release|x86
		{91C0F6C1-29A2-454D-8401-DC6D78B11435}.Release|ARM64.ActiveCfg = Release|ARM64
		{91C0F6C1-29A2-454D-8401-DC6D78B11435}.Release|ARM64.Build.0 = Release|ARM64
		{91C0F6C1-29A2-454D-8401-DC6D78B11435}.Release|ARM64.Deploy.0 = Release|ARM64
		{15B116B3-7FD7-492E-A8F0-11135D797AA4}.Debug|x64.ActiveCfg = Debug|x64
		{15B116B3-7FD7-492E-A8F0-11135D797AA4}.Debug|x64.Build.0 = Debug|x64
		{15B116B3-7FD7-492E-A8F0-11135D797AA4}.Debug|x64.Deploy.0 = Debug|x64
		{15B116B3-7FD7-492E-A8F0-11135D797AA4}.Debug|x86.ActiveCfg = Debug|Win32
		{15B116B3-7FD7-492E-A8F0-11135D797AA4}.Debug|x86.Build.0 = Debug|Win32
		{15B116B3-7FD7-492E-A8F0-11135D797AA4}.Debug|x86.Deploy.0 = Debug|Win32
		{15B116B3-7FD7-492E-A8F0-11135D797AA4}.Debug|ARM64.ActiveCfg = Debug|ARM64
		{15B116B3-7FD7-492E-A8F0-11135D797AA4}.Debug|ARM64.Build.0 = Debug|ARM64
		{15B116B3-7FD7-492E-A8F0-11135D797AA4}.Debug|ARM64.Deploy.0 = Debug|ARM64
		{15B116B3-7FD7-492E-A8F0-11135D797AA4}.Release|x64.ActiveCfg = Release|x64
		{15B116B3-7FD7-492E-A8F0-11135D797AA4}.Release|x64.Build.0 = Release|x64
		{15B116B3-7FD7-492E-A8F0-11135D797AA4}.Release|x64.Deploy.0 = Release|x64
		{15B116B3-7FD7-492E-A8F0-11135D797AA4}.Release|x86.ActiveCfg = Release|Win32
		{15B116B3-7FD7-492E-A8F0-11135D797AA4}.Release|x86.Build.0 = Release|Win32
		{15B116B3-7FD7-492E-A8F0-11135D797AA4}.Release|x86.Deploy.0 = Release|Win32
		{15B116B3-7FD7-492E-A8F0-11135D797AA4}.Release|ARM64.ActiveCfg = Release|ARM64
		{15B116B3-7FD7-492E-A8F0-11135D797AA4}.Release|ARM64.Build.0 = Release|ARM64
		{15B116B3-7FD7-492E-A8F0-11135D797AA4}.Release|ARM64.Deploy.0 = Release|ARM64
		{CDDE3311-EFD2-462D-8551-93637A7FAE92}.Debug|x64.ActiveCfg = Debug|x64
		{CDDE3311-EFD2-462D-8551-93637A7FAE92}.Debug|x64.Build.0 = Debug|x64
		{CDDE3311-EFD2-462D-8551-93637A7FAE92}.Debug|x86.ActiveCfg = Debug|Win32
		{CDDE3311-EFD2-462D-8551-93637A7FAE92}.Debug|x86.Build.0 = Debug|Win32
		{CDDE3311-EFD2-462D-8551-93637A7FAE92}.Debug|ARM64.ActiveCfg = Debug|ARM64
		{CDDE3311-EFD2-462D-8551-93637A7FAE92}.Debug|ARM64.Build.0 = Debug|ARM64
		{CDDE3311-EFD2-462D-8551-93637A7FAE92}.Release|x64.ActiveCfg = Release|x64
		{CDDE3311-EFD2-462D-8551-93637A7FAE92}.Release|x64.Build.0 = Release|x64
		{CDDE3311-EFD2-462D-8551-93637A7FAE92}.Release|x86.ActiveCfg = Release|Win32
		{CDDE3311-EFD2-462D-8551-93637A7FAE92}.Release|x86.Build.0 = Release|Win32
		{CDDE3311-EFD2-462D-8551-93637A7FAE92}.Release|ARM64.ActiveCfg = Release|ARM64
		{CDDE3311-EFD2-462D-8551-93637A7FAE92}.Release|ARM64.Build.0 = Release|ARM64
	EndGlobalSection
	GlobalSection(SolutionProperties) = preSolution
		HideSolutionNode = FALSE
	EndGlobalSection
	GlobalSection(ExtensibilityGlobals) = postSolution
		SolutionGuid = {D43FAD39-F619-437D-BB40-04A3982ACB6A}
	EndGlobalSection
EndGlobal
